
Microsoft Visual Studio Solution File, Format Version 12.00
# Visual Studio Version 17
VisualStudioVersion = 17.9.34310.174
MinimumVisualStudioVersion = 10.0.40219.1
Project("{9A19103F-16F7-4668-BE54-9A1E7A4F7556}") = "HotfixStudio.Presentation", "HotfixStudio.Presentation\HotfixStudio.Presentation.csproj", "{E23133CF-2925-4645-93CF-C5F6BDFE16B4}"
EndProject
Project("{9A19103F-16F7-4668-BE54-9A1E7A4F7556}") = "HotfixStudio.Infrastructure", "HotfixStudio.Infrastructure\HotfixStudio.Infrastructure.csproj", "{894D8A7B-23B2-4F9D-A128-2538F5359D8D}"
EndProject
Global
	GlobalSection(SolutionConfigurationPlatforms) = preSolution
		Debug|Any CPU = Debug|Any CPU
		Release|Any CPU = Release|Any CPU
	EndGlobalSection
	GlobalSection(ProjectConfigurationPlatforms) = postSolution
		{E23133CF-2925-4645-93CF-C5F6BDFE16B4}.Debug|Any CPU.ActiveCfg = Debug|Any CPU
		{E23133CF-2925-4645-93CF-C5F6BDFE16B4}.Debug|Any CPU.Build.0 = Debug|Any CPU
		{E23133CF-2925-4645-93CF-C5F6BDFE16B4}.Debug|Any CPU.Deploy.0 = Debug|Any CPU
		{E23133CF-2925-4645-93CF-C5F6BDFE16B4}.Release|Any CPU.ActiveCfg = Release|Any CPU
		{E23133CF-2925-4645-93CF-C5F6BDFE16B4}.Release|Any CPU.Build.0 = Release|Any CPU
		{E23133CF-2925-4645-93CF-C5F6BDFE16B4}.Release|Any CPU.Deploy.0 = Release|Any CPU
		{894D8A7B-23B2-4F9D-A128-2538F5359D8D}.Debug|Any CPU.ActiveCfg = Debug|Any CPU
		{894D8A7B-23B2-4F9D-A128-2538F5359D8D}.Debug|Any CPU.Build.0 = Debug|Any CPU
		{894D8A7B-23B2-4F9D-A128-2538F5359D8D}.Release|Any CPU.ActiveCfg = Release|Any CPU
		{894D8A7B-23B2-4F9D-A128-2538F5359D8D}.Release|Any CPU.Build.0 = Release|Any CPU
	EndGlobalSection
	GlobalSection(SolutionProperties) = preSolution
		HideSolutionNode = FALSE
	EndGlobalSection
	GlobalSection(ExtensibilityGlobals) = postSolution
		SolutionGuid = {5D9EFFE4-6130-4BAF-90C3-05CA51E2B813}
	EndGlobalSection
EndGlobal
